
Microsoft Visual Studio Solution File, Format Version 12.00
# Visual Studio Version 17
VisualStudioVersion = 17.13.35825.156
MinimumVisualStudioVersion = 10.0.40219.1
Project("{FAE04EC0-301F-11D3-BF4B-00C04F79EFBC}") = "JurnalWeb", "JurnalWeb.csproj", "{B7BED6BE-A2AF-4146-965D-1F43B431096F}"
EndProject
Global
	GlobalSection(SolutionConfigurationPlatforms) = preSolution
		Debug|Any CPU = Debug|Any CPU
		Release|Any CPU = Release|Any CPU
	EndGlobalSection
	GlobalSection(ProjectConfigurationPlatforms) = postSolution
		{B7BED6BE-A2AF-4146-965D-1F43B431096F}.Debug|Any CPU.ActiveCfg = Debug|Any CPU
		{B7BED6BE-A2AF-4146-965D-1F43B431096F}.Debug|Any CPU.Build.0 = Debug|Any CPU
		{B7BED6BE-A2AF-4146-965D-1F43B431096F}.Release|Any CPU.ActiveCfg = Release|Any CPU
		{B7BED6BE-A2AF-4146-965D-1F43B431096F}.Release|Any CPU.Build.0 = Release|Any CPU
	EndGlobalSection
	GlobalSection(SolutionProperties) = preSolution
		HideSolutionNode = FALSE
	EndGlobalSection
	GlobalSection(ExtensibilityGlobals) = postSolution
		SolutionGuid = {671269C6-B65D-4E14-87C7-339BC127FA1B}
	EndGlobalSection
EndGlobal
